
Microsoft Visual Studio Solution File, Format Version 12.00
# Visual Studio Version 17
VisualStudioVersion = 17.10.35027.167
MinimumVisualStudioVersion = 10.0.40219.1
Project("{FAE04EC0-301F-11D3-BF4B-00C04F79EFBC}") = "AssignmentThreeLoops", "AssignmentThreeLoops\AssignmentThreeLoops.csproj", "{77F52FB7-59CA-47D5-B8B4-8BC2242BD05C}"
EndProject
Global
	GlobalSection(SolutionConfigurationPlatforms) = preSolution
		Debug|Any CPU = Debug|Any CPU
		Release|Any CPU = Release|Any CPU
	EndGlobalSection
	GlobalSection(ProjectConfigurationPlatforms) = postSolution
		{77F52FB7-59CA-47D5-B8B4-8BC2242BD05C}.Debug|Any CPU.ActiveCfg = Debug|Any CPU
		{77F52FB7-59CA-47D5-B8B4-8BC2242BD05C}.Debug|Any CPU.Build.0 = Debug|Any CPU
		{77F52FB7-59CA-47D5-B8B4-8BC2242BD05C}.Release|Any CPU.ActiveCfg = Release|Any CPU
		{77F52FB7-59CA-47D5-B8B4-8BC2242BD05C}.Release|Any CPU.Build.0 = Release|Any CPU
	EndGlobalSection
	GlobalSection(SolutionProperties) = preSolution
		HideSolutionNode = FALSE
	EndGlobalSection
	GlobalSection(ExtensibilityGlobals) = postSolution
		SolutionGuid = {2704B31A-AE03-4AF2-BC9D-7D8383B75F55}
	EndGlobalSection
EndGlobal
